PODS:
  - IQKeyboardManagerSwift (6.2.0)
  - RevealingSplashView (0.6.0)
  - Spring (1.0.6)

DEPENDENCIES:
  - IQKeyboardManagerSwift
  - RevealingSplashView
  - Spring (from `https://github.com/MengTo/Spring.git`)

SPEC REPOS:
  https://github.com/cocoapods/specs.git:
    - IQKeyboardManagerSwift
    - RevealingSplashView

EXTERNAL SOURCES:
  Spring:
    :git: https://github.com/MengTo/Spring.git

CHECKOUT OPTIONS:
  Spring:
    :commit: fafd0b2e8d4d46405bd86fa7ba84bb7f73a20b13
    :git: https://github.com/MengTo/Spring.git

SPEC CHECKSUMS:
  IQKeyboardManagerSwift: b07ccf9d8cafe993dcd6cb794eb4ba34611a0c4e
  RevealingSplashView: 40c5a770894459736acdc95655eeba0dd30ce91c
  Spring: 3d113f14575ef79aec9c5f906dfa4f5001c03254

PODFILE CHECKSUM: 6857b68d9bf3aef09dc0cae48e8ccfffbb763a11

COCOAPODS: 1.5.3
